<Solution>
  <Folder Name="/Elementos de la solución/">
    <File Path=".gitignore" />
    <File Path="Documentacion/implementation_plan.md" />
    <File Path="README.md" />
  </Folder>
  <Folder Name="/Elementos de la solución/changelog/">
    <File Path="Documentacion/changelog/2026_04-arquitectura-base.md" />
    <File Path="Documentacion/changelog/2026_05-calculadora-sol-luna.md" />
    <File Path="Documentacion/changelog/2026_05-fix-cambio-idioma-sidebar.md" />
    <File Path="Documentacion/changelog/2026_05-mejoras-pantalla-inicio-nav-correcciones.md" />
    <File Path="Documentacion/changelog/2026_06-refactoring-arquitectura-completa.md" />
    <File Path="Documentacion/changelog/2026_07-calculadora-tiempos-eclipse.md" />
    <File Path="Documentacion/DocumentacionTecnica.md" />
  </Folder>
  <Folder Name="/Elementos de la solución/Claude/">
    <File Path="Documentacion/Claude/CLAUDE_AGENTS.md" />
    <File Path="Documentacion/Claude/CLAUDE_CONTEXT.md" />
    <File Path="Documentacion/Claude/readme.md" />
    <File Path="Documentacion/Claude/SETUP_CLAUDE_PROJECT.md" />
    <File Path="InstruccionesProyecto.txt" />
  </Folder>
  <Folder Name="/Elementos de la solución/GitHub/">
    <File Path=".github/workflows/build.yml" />
    <File Path="Directory.Build.props" />
    <File Path="gitversion.yml" />
  </Folder>
  <Folder Name="/Elementos de la solución/Suprabase/">
    <File Path="Documentacion/Supabase/DOCUMENTACION_COMPLETADA.md" />
    <File Path="Documentacion/Supabase/Localization_Summary.md" />
    <File Path="Documentacion/Supabase/QUICK_START.md" />
    <File Path="Documentacion/Supabase/Supabase_SQL_Schema.sql" />
  </Folder>
  <Project Path="ObservApp.Shared/ObservApp.Shared.csproj" />
  <Project Path="ObservApp.Web.Client/ObservApp.Web.Client.csproj" />
  <Project Path="ObservApp.Web/ObservApp.Web.csproj" />
  <Project Path="ObservApp/ObservApp.csproj">
    <Deploy Solution="Debug|*" />
  </Project>
</Solution>
