<Solution>
  <Project Path="ObservApp.Shared/ObservApp.Shared.csproj" />
  <Project Path="ObservApp.Web.Client/ObservApp.Web.Client.csproj" />
  <Project Path="ObservApp.Web/ObservApp.Web.csproj" />
  <Project Path="ObservApp/ObservApp.csproj">
    <Deploy Solution="Debug|*" />
  </Project>
</Solution>
